
Microsoft Visual Studio Solution File, Format Version 12.00
# Visual Studio Version 16
VisualStudioVersion = 16.0.29920.165
MinimumVisualStudioVersion = 10.0.40219.1
Project("{FAE04EC0-301F-11D3-BF4B-00C04F79EFBC}") = "WindowsFormsApp1", "WindowsFormsApp1\WindowsFormsApp1.csproj", "{B3EA1C61-73F0-4C0D-8AA3-AF84DF254D85}"
EndProject
Global
	GlobalSection(SolutionConfigurationPlatforms) = preSolution
		Debug|Any CPU = Debug|Any CPU
		Release|Any CPU = Release|Any CPU
	EndGlobalSection
	GlobalSection(ProjectConfigurationPlatforms) = postSolution
		{B3EA1C61-73F0-4C0D-8AA3-AF84DF254D85}.Debug|Any CPU.ActiveCfg = Debug|Any CPU
		{B3EA1C61-73F0-4C0D-8AA3-AF84DF254D85}.Debug|Any CPU.Build.0 = Debug|Any CPU
		{B3EA1C61-73F0-4C0D-8AA3-AF84DF254D85}.Release|Any CPU.ActiveCfg = Release|Any CPU
		{B3EA1C61-73F0-4C0D-8AA3-AF84DF254D85}.Release|Any CPU.Build.0 = Release|Any CPU
	EndGlobalSection
	GlobalSection(SolutionProperties) = preSolution
		HideSolutionNode = FALSE
	EndGlobalSection
	GlobalSection(ExtensibilityGlobals) = postSolution
		SolutionGuid = {64D8D513-1F23-4C47-83D4-17EE47A2BA36}
	EndGlobalSection
EndGlobal
