
Microsoft Visual Studio Solution File, Format Version 12.00
Project("{FAE04EC0-301F-11D3-BF4B-00C04F79EFBC}") = "WinFormsApp1", "WinFormsApp1\WinFormsApp1.csproj", "{76712430-A467-4A56-A7DA-AA787B381EA7}"
EndProject
Global
	GlobalSection(SolutionConfigurationPlatforms) = preSolution
		Debug|Any CPU = Debug|Any CPU
		Release|Any CPU = Release|Any CPU
	EndGlobalSection
	GlobalSection(ProjectConfigurationPlatforms) = postSolution
		{76712430-A467-4A56-A7DA-AA787B381EA7}.Debug|Any CPU.ActiveCfg = Debug|Any CPU
		{76712430-A467-4A56-A7DA-AA787B381EA7}.Debug|Any CPU.Build.0 = Debug|Any CPU
		{76712430-A467-4A56-A7DA-AA787B381EA7}.Release|Any CPU.ActiveCfg = Release|Any CPU
		{76712430-A467-4A56-A7DA-AA787B381EA7}.Release|Any CPU.Build.0 = Release|Any CPU
	EndGlobalSection
EndGlobal
